
Microsoft Visual Studio Solution File, Format Version 12.00
# Visual Studio Version 17
VisualStudioVersion = 17.7.34003.232
MinimumVisualStudioVersion = 10.0.40219.1
Project("{9A19103F-16F7-4668-BE54-9A1E7A4F7556}") = "iNrollApp", "iNrollApp\iNrollApp.csproj", "{ADEAD05A-D796-4478-83D6-119FDBA1AC2A}"
EndProject
Project("{9A19103F-16F7-4668-BE54-9A1E7A4F7556}") = "Api", "Backend\Api\Api.csproj", "{4F223E94-2238-483B-8117-751BED0A606F}"
EndProject
Project("{2150E333-8FDC-42A3-9474-1A3956D46DE8}") = "Backend", "Backend", "{A5DCE9E8-B062-4B7E-8A73-F1925B6D1863}"
EndProject
Project("{2150E333-8FDC-42A3-9474-1A3956D46DE8}") = "Frontend", "Frontend", "{ACFC311A-0A37-4879-B2B7-F8FDD0796FD4}"
EndProject
Global
	GlobalSection(SolutionConfigurationPlatforms) = preSolution
		Debug|Any CPU = Debug|Any CPU
		Release|Any CPU = Release|Any CPU
	EndGlobalSection
	GlobalSection(ProjectConfigurationPlatforms) = postSolution
		{ADEAD05A-D796-4478-83D6-119FDBA1AC2A}.Debug|Any CPU.ActiveCfg = Debug|Any CPU
		{ADEAD05A-D796-4478-83D6-119FDBA1AC2A}.Debug|Any CPU.Build.0 = Debug|Any CPU
		{ADEAD05A-D796-4478-83D6-119FDBA1AC2A}.Release|Any CPU.ActiveCfg = Release|Any CPU
		{ADEAD05A-D796-4478-83D6-119FDBA1AC2A}.Release|Any CPU.Build.0 = Release|Any CPU
		{4F223E94-2238-483B-8117-751BED0A606F}.Debug|Any CPU.ActiveCfg = Debug|Any CPU
		{4F223E94-2238-483B-8117-751BED0A606F}.Debug|Any CPU.Build.0 = Debug|Any CPU
		{4F223E94-2238-483B-8117-751BED0A606F}.Release|Any CPU.ActiveCfg = Release|Any CPU
		{4F223E94-2238-483B-8117-751BED0A606F}.Release|Any CPU.Build.0 = Release|Any CPU
	EndGlobalSection
	GlobalSection(SolutionProperties) = preSolution
		HideSolutionNode = FALSE
	EndGlobalSection
	GlobalSection(NestedProjects) = preSolution
		{ADEAD05A-D796-4478-83D6-119FDBA1AC2A} = {ACFC311A-0A37-4879-B2B7-F8FDD0796FD4}
		{4F223E94-2238-483B-8117-751BED0A606F} = {A5DCE9E8-B062-4B7E-8A73-F1925B6D1863}
	EndGlobalSection
	GlobalSection(ExtensibilityGlobals) = postSolution
		SolutionGuid = {CBC69A1C-9046-45E2-BBBA-ED80F45763C4}
	EndGlobalSection
EndGlobal
